
Microsoft Visual Studio Solution File, Format Version 12.00
# Visual Studio Version 16
VisualStudioVersion = 16.0.30804.86
MinimumVisualStudioVersion = 10.0.40219.1
Project("{FAE04EC0-301F-11D3-BF4B-00C04F79EFBC}") = "ThaanaDotnet", "ThaanaDotnet\ThaanaDotnet.csproj", "{B9070646-8A0F-4953-8E51-76F64C9D4ACD}"
EndProject
Global
	GlobalSection(SolutionConfigurationPlatforms) = preSolution
		Debug|Any CPU = Debug|Any CPU
		Release|Any CPU = Release|Any CPU
	EndGlobalSection
	GlobalSection(ProjectConfigurationPlatforms) = postSolution
		{B9070646-8A0F-4953-8E51-76F64C9D4ACD}.Debug|Any CPU.ActiveCfg = Debug|Any CPU
		{B9070646-8A0F-4953-8E51-76F64C9D4ACD}.Debug|Any CPU.Build.0 = Debug|Any CPU
		{B9070646-8A0F-4953-8E51-76F64C9D4ACD}.Release|Any CPU.ActiveCfg = Release|Any CPU
		{B9070646-8A0F-4953-8E51-76F64C9D4ACD}.Release|Any CPU.Build.0 = Release|Any CPU
	EndGlobalSection
	GlobalSection(SolutionProperties) = preSolution
		HideSolutionNode = FALSE
	EndGlobalSection
	GlobalSection(ExtensibilityGlobals) = postSolution
		SolutionGuid = {FE5CED4F-E75F-49CB-8184-79DD3FDB0E9A}
	EndGlobalSection
EndGlobal
